
Microsoft Visual Studio Solution File, Format Version 12.00
# Visual Studio Version 16
VisualStudioVersion = 16.0.31005.135
MinimumVisualStudioVersion = 10.0.40219.1
Project("{9A19103F-16F7-4668-BE54-9A1E7A4F7556}") = "InTheDark.Model", "InTheDark.Model\InTheDark.Model.csproj", "{543D46EE-E2DB-4D24-B056-B0B2762CF963}"
	ProjectSection(ProjectDependencies) = postProject
		{0BD8E74F-0B49-48F7-A63D-E716551CBCA7} = {0BD8E74F-0B49-48F7-A63D-E716551CBCA7}
		{87027790-82D5-4EC5-83EC-138403A42534} = {87027790-82D5-4EC5-83EC-138403A42534}
	EndProjectSection
EndProject
Project("{9A19103F-16F7-4668-BE54-9A1E7A4F7556}") = "Leopotam.Ecs", "Leopotam.Ecs\Leopotam.Ecs.csproj", "{87027790-82D5-4EC5-83EC-138403A42534}"
EndProject
Project("{9A19103F-16F7-4668-BE54-9A1E7A4F7556}") = "Leopotam.Ecs.Types", "Leopotam.Ecs.Types\Leopotam.Ecs.Types.csproj", "{0BD8E74F-0B49-48F7-A63D-E716551CBCA7}"
EndProject
Global
	GlobalSection(SolutionConfigurationPlatforms) = preSolution
		Debug|Any CPU = Debug|Any CPU
		Release|Any CPU = Release|Any CPU
	EndGlobalSection
	GlobalSection(ProjectConfigurationPlatforms) = postSolution
		{543D46EE-E2DB-4D24-B056-B0B2762CF963}.Debug|Any CPU.ActiveCfg = Debug|Any CPU
		{543D46EE-E2DB-4D24-B056-B0B2762CF963}.Debug|Any CPU.Build.0 = Debug|Any CPU
		{543D46EE-E2DB-4D24-B056-B0B2762CF963}.Release|Any CPU.ActiveCfg = Release|Any CPU
		{543D46EE-E2DB-4D24-B056-B0B2762CF963}.Release|Any CPU.Build.0 = Release|Any CPU
		{87027790-82D5-4EC5-83EC-138403A42534}.Debug|Any CPU.ActiveCfg = Debug|Any CPU
		{87027790-82D5-4EC5-83EC-138403A42534}.Debug|Any CPU.Build.0 = Debug|Any CPU
		{87027790-82D5-4EC5-83EC-138403A42534}.Release|Any CPU.ActiveCfg = Release|Any CPU
		{87027790-82D5-4EC5-83EC-138403A42534}.Release|Any CPU.Build.0 = Release|Any CPU
		{0BD8E74F-0B49-48F7-A63D-E716551CBCA7}.Debug|Any CPU.ActiveCfg = Debug|Any CPU
		{0BD8E74F-0B49-48F7-A63D-E716551CBCA7}.Debug|Any CPU.Build.0 = Debug|Any CPU
		{0BD8E74F-0B49-48F7-A63D-E716551CBCA7}.Release|Any CPU.ActiveCfg = Release|Any CPU
		{0BD8E74F-0B49-48F7-A63D-E716551CBCA7}.Release|Any CPU.Build.0 = Release|Any CPU
	EndGlobalSection
	GlobalSection(SolutionProperties) = preSolution
		HideSolutionNode = FALSE
	EndGlobalSection
	GlobalSection(ExtensibilityGlobals) = postSolution
		SolutionGuid = {8CBC2239-A532-4207-AF7F-C75A74F81B18}
	EndGlobalSection
EndGlobal
